PODS:
  - SwiftCocopodsBinary (0.2.0)

DEPENDENCIES:
  - SwiftCocopodsBinary (from `../`)

EXTERNAL SOURCES:
  SwiftCocopodsBinary:
    :path: "../"

SPEC CHECKSUMS:
  SwiftCocopodsBinary: 81cffef8e539b09851ca63955b7b778ed596c71a

PODFILE CHECKSUM: 6acf8d870876dd2801998bf9d3c88514c3560e83

COCOAPODS: 1.9.1
